PODS:
  - ASN1Decoder (1.10.0)
  - boost (1.76.0)
  - DoubleConversion (1.1.6)
  - EASClient (0.6.0):
    - ExpoModulesCore
  - EXApplication (5.3.1):
    - ExpoModulesCore
  - EXCalendar (11.3.2):
    - ExpoModulesCore
  - EXConstants (14.4.2):
    - ExpoModulesCore
  - EXFileSystem (15.4.4):
    - ExpoModulesCore
  - EXFont (11.4.0):
    - ExpoModulesCore
  - EXJSONUtils (0.7.1)
  - EXManifests (0.7.2):
    - ExpoModulesCore
  - EXNotifications (0.20.1):
    - ExpoModulesCore
  - Expo (49.0.11):
    - ExpoModulesCore
  - expo-dev-client (2.4.11):
    - EXManifests
    - expo-dev-launcher
    - expo-dev-menu
    - expo-dev-menu-interface
    - EXUpdatesInterface
  - expo-dev-launcher (2.4.13):
    - EXManifests
    - expo-dev-launcher/Main (= 2.4.13)
    - expo-dev-menu
    - expo-dev-menu-interface
    - ExpoModulesCore
    - EXUpdatesInterface
    - RCT-Folly (= 2021.07.22.00)
    - React-Core
    - React-RCTAppDelegate
  - expo-dev-launcher/Main (2.4.13):
    - EXManifests
    - expo-dev-launcher/Unsafe
    - expo-dev-menu
    - expo-dev-menu-interface
    - ExpoModulesCore
    - EXUpdatesInterface
    - RCT-Folly (= 2021.07.22.00)
    - React-Core
    - React-RCTAppDelegate
  - expo-dev-launcher/Unsafe (2.4.13):
    - EXManifests
    - expo-dev-menu
    - expo-dev-menu-interface
    - ExpoModulesCore
    - EXUpdatesInterface
    - RCT-Folly (= 2021.07.22.00)
    - React-Core
    - React-RCTAppDelegate
  - expo-dev-menu (3.2.1):
    - expo-dev-menu/Main (= 3.2.1)
    - RCT-Folly (= 2021.07.22.00)
    - React-Core
  - expo-dev-menu-interface (1.3.0)
  - expo-dev-menu/Main (3.2.1):
    - EXManifests
    - expo-dev-menu-interface
    - expo-dev-menu/Vendored
    - ExpoModulesCore
    - RCT-Folly (= 2021.07.22.00)
    - React-Core
  - expo-dev-menu/SafeAreaView (3.2.1):
    - ExpoModulesCore
    - RCT-Folly (= 2021.07.22.00)
    - React-Core
  - expo-dev-menu/Vendored (3.2.1):
    - expo-dev-menu/SafeAreaView
    - RCT-Folly (= 2021.07.22.00)
    - React-Core
  - ExpoDevice (5.4.0):
    - ExpoModulesCore
  - ExpoHead (0.0.11):
    - ExpoModulesCore
  - ExpoKeepAwake (12.3.0):
    - ExpoModulesCore
  - ExpoModulesCore (1.5.11):
    - RCT-Folly (= 2021.07.22.00)
    - React-Core
    - React-NativeModulesApple
    - React-RCTAppDelegate
    - ReactCommon/turbomodule/core
  - EXSplashScreen (0.20.5):
    - ExpoModulesCore
    - RCT-Folly (= 2021.07.22.00)
    - React-Core
  - EXStructuredHeaders (3.3.0)
  - EXUpdates (0.18.16):
    - ASN1Decoder (~> 1.8)
    - EASClient
    - EXManifests
    - ExpoModulesCore
    - EXStructuredHeaders
    - EXUpdatesInterface
    - RCT-Folly (= 2021.07.22.00)
    - ReachabilitySwift
    - React-Core
  - EXUpdatesInterface (0.10.1)
  - FBLazyVector (0.72.6)
  - FBReactNativeSpec (0.72.6):
    - RCT-Folly (= 2021.07.22.00)
    - RCTRequired (= 0.72.6)
    - RCTTypeSafety (= 0.72.6)
    - React-Core (= 0.72.6)
    - React-jsi (= 0.72.6)
    - ReactCommon/turbomodule/core (= 0.72.6)
  - fmt (6.2.1)
  - glog (0.3.5)
  - hermes-engine (0.72.6):
    - hermes-engine/Pre-built (= 0.72.6)
  - hermes-engine/Pre-built (0.72.6)
  - libevent (2.1.12)
  - RCT-Folly (2021.07.22.00):
    - boost
    - DoubleConversion
    - fmt (~> 6.2.1)
    - glog
    - RCT-Folly/Default (= 2021.07.22.00)
  - RCT-Folly/Default (2021.07.22.00):
    - boost
    - DoubleConversion
    - fmt (~> 6.2.1)
    - glog
  - RCT-Folly/Futures (2021.07.22.00):
    - boost
    - DoubleConversion
    - fmt (~> 6.2.1)
    - glog
    - libevent
  - RCTRequired (0.72.6)
  - RCTTypeSafety (0.72.6):
    - FBLazyVector (= 0.72.6)
    - RCTRequired (= 0.72.6)
    - React-Core (= 0.72.6)
  - ReachabilitySwift (5.2.4)
  - React (0.72.6):
    - React-Core (= 0.72.6)
    - React-Core/DevSupport (= 0.72.6)
    - React-Core/RCTWebSocket (= 0.72.6)
    - React-RCTActionSheet (= 0.72.6)
    - React-RCTAnimation (= 0.72.6)
    - React-RCTBlob (= 0.72.6)
    - React-RCTImage (= 0.72.6)
    - React-RCTLinking (= 0.72.6)
    - React-RCTNetwork (= 0.72.6)
    - React-RCTSettings (= 0.72.6)
    - React-RCTText (= 0.72.6)
    - React-RCTVibration (= 0.72.6)
  - React-callinvoker (0.72.6)
  - React-Codegen (0.72.6):
    - DoubleConversion
    - FBReactNativeSpec
    - glog
    - hermes-engine
    - RCT-Folly
    - RCTRequired
    - RCTTypeSafety
    - React-Core
    - React-jsi
    - React-jsiexecutor
    - React-NativeModulesApple
    - React-rncore
    - ReactCommon/turbomodule/bridging
    - ReactCommon/turbomodule/core
  - React-Core (0.72.6):
    - glog
    - hermes-engine
    - RCT-Folly (= 2021.07.22.00)
    - React-Core/Default (= 0.72.6)
    - React-cxxreact
    - React-hermes
    - React-jsi
    - React-jsiexecutor
    - React-perflogger
    - React-runtimeexecutor
    - React-utils
    - SocketRocket (= 0.6.1)
    - Yoga
  - React-Core/CoreModulesHeaders (0.72.6):
    - glog
    - hermes-engine
    - RCT-Folly (= 2021.07.22.00)
    - React-Core/Default
    - React-cxxreact
    - React-hermes
    - React-jsi
    - React-jsiexecutor
    - React-perflogger
    - React-runtimeexecutor
    - React-utils
    - SocketRocket (= 0.6.1)
    - Yoga
  - React-Core/Default (0.72.6):
    - glog
    - hermes-engine
    - RCT-Folly (= 2021.07.22.00)
    - React-cxxreact
    - React-hermes
    - React-jsi
    - React-jsiexecutor
    - React-perflogger
    - React-runtimeexecutor
    - React-utils
    - SocketRocket (= 0.6.1)
    - Yoga
  - React-Core/DevSupport (0.72.6):
    - glog
    - hermes-engine
    - RCT-Folly (= 2021.07.22.00)
    - React-Core/Default (= 0.72.6)
    - React-Core/RCTWebSocket (= 0.72.6)
    - React-cxxreact
    - React-hermes
    - React-jsi
    - React-jsiexecutor
    - React-jsinspector (= 0.72.6)
    - React-perflogger
    - React-runtimeexecutor
    - React-utils
    - SocketRocket (= 0.6.1)
    - Yoga
  - React-Core/RCTActionSheetHeaders (0.72.6):
    - glog
    - hermes-engine
    - RCT-Folly (= 2021.07.22.00)
    - React-Core/Default
    - React-cxxreact
    - React-hermes
    - React-jsi
    - React-jsiexecutor
    - React-perflogger
    - React-runtimeexecutor
    - React-utils
    - SocketRocket (= 0.6.1)
    - Yoga
  - React-Core/RCTAnimationHeaders (0.72.6):
    - glog
    - hermes-engine
    - RCT-Folly (= 2021.07.22.00)
    - React-Core/Default
    - React-cxxreact
    - React-hermes
    - React-jsi
    - React-jsiexecutor
    - React-perflogger
    - React-runtimeexecutor
    - React-utils
    - SocketRocket (= 0.6.1)
    - Yoga
  - React-Core/RCTBlobHeaders (0.72.6):
    - glog
    - hermes-engine
    - RCT-Folly (= 2021.07.22.00)
    - React-Core/Default
    - React-cxxreact
    - React-hermes
    - React-jsi
    - React-jsiexecutor
    - React-perflogger
    - React-runtimeexecutor
    - React-utils
    - SocketRocket (= 0.6.1)
    - Yoga
  - React-Core/RCTImageHeaders (0.72.6):
    - glog
    - hermes-engine
    - RCT-Folly (= 2021.07.22.00)
    - React-Core/Default
    - React-cxxreact
    - React-hermes
    - React-jsi
    - React-jsiexecutor
    - React-perflogger
    - React-runtimeexecutor
    - React-utils
    - SocketRocket (= 0.6.1)
    - Yoga
  - React-Core/RCTLinkingHeaders (0.72.6):
    - glog
    - hermes-engine
    - RCT-Folly (= 2021.07.22.00)
    - React-Core/Default
    - React-cxxreact
    - React-hermes
    - React-jsi
    - React-jsiexecutor
    - React-perflogger
    - React-runtimeexecutor
    - React-utils
    - SocketRocket (= 0.6.1)
    - Yoga
  - React-Core/RCTNetworkHeaders (0.72.6):
    - glog
    - hermes-engine
    - RCT-Folly (= 2021.07.22.00)
    - React-Core/Default
    - React-cxxreact
    - React-hermes
    - React-jsi
    - React-jsiexecutor
    - React-perflogger
    - React-runtimeexecutor
    - React-utils
    - SocketRocket (= 0.6.1)
    - Yoga
  - React-Core/RCTSettingsHeaders (0.72.6):
    - glog
    - hermes-engine
    - RCT-Folly (= 2021.07.22.00)
    - React-Core/Default
    - React-cxxreact
    - React-hermes
    - React-jsi
    - React-jsiexecutor
    - React-perflogger
    - React-runtimeexecutor
    - React-utils
    - SocketRocket (= 0.6.1)
    - Yoga
  - React-Core/RCTTextHeaders (0.72.6):
    - glog
    - hermes-engine
    - RCT-Folly (= 2021.07.22.00)
    - React-Core/Default
    - React-cxxreact
    - React-hermes
    - React-jsi
    - React-jsiexecutor
    - React-perflogger
    - React-runtimeexecutor
    - React-utils
    - SocketRocket (= 0.6.1)
    - Yoga
  - React-Core/RCTVibrationHeaders (0.72.6):
    - glog
    - hermes-engine
    - RCT-Folly (= 2021.07.22.00)
    - React-Core/Default
    - React-cxxreact
    - React-hermes
    - React-jsi
    - React-jsiexecutor
    - React-perflogger
    - React-runtimeexecutor
    - React-utils
    - SocketRocket (= 0.6.1)
    - Yoga
  - React-Core/RCTWebSocket (0.72.6):
    - glog
    - hermes-engine
    - RCT-Folly (= 2021.07.22.00)
    - React-Core/Default (= 0.72.6)
    - React-cxxreact
    - React-hermes
    - React-jsi
    - React-jsiexecutor
    - React-perflogger
    - React-runtimeexecutor
    - React-utils
    - SocketRocket (= 0.6.1)
    - Yoga
  - React-CoreModules (0.72.6):
    - RCT-Folly (= 2021.07.22.00)
    - RCTTypeSafety (= 0.72.6)
    - React-Codegen (= 0.72.6)
    - React-Core/CoreModulesHeaders (= 0.72.6)
    - React-jsi (= 0.72.6)
    - React-RCTBlob
    - React-RCTImage (= 0.72.6)
    - ReactCommon/turbomodule/core (= 0.72.6)
    - SocketRocket (= 0.6.1)
  - React-cxxreact (0.72.6):
    - boost (= 1.76.0)
    - DoubleConversion
    - glog
    - hermes-engine
    - RCT-Folly (= 2021.07.22.00)
    - React-callinvoker (= 0.72.6)
    - React-debug (= 0.72.6)
    - React-jsi (= 0.72.6)
    - React-jsinspector (= 0.72.6)
    - React-logger (= 0.72.6)
    - React-perflogger (= 0.72.6)
    - React-runtimeexecutor (= 0.72.6)
  - React-debug (0.72.6)
  - React-hermes (0.72.6):
    - DoubleConversion
    - glog
    - hermes-engine
    - RCT-Folly (= 2021.07.22.00)
    - RCT-Folly/Futures (= 2021.07.22.00)
    - React-cxxreact (= 0.72.6)
    - React-jsi
    - React-jsiexecutor (= 0.72.6)
    - React-jsinspector (= 0.72.6)
    - React-perflogger (= 0.72.6)
  - React-jsi (0.72.6):
    - boost (= 1.76.0)
    - DoubleConversion
    - glog
    - hermes-engine
    - RCT-Folly (= 2021.07.22.00)
  - React-jsiexecutor (0.72.6):
    - DoubleConversion
    - glog
    - hermes-engine
    - RCT-Folly (= 2021.07.22.00)
    - React-cxxreact (= 0.72.6)
    - React-jsi (= 0.72.6)
    - React-perflogger (= 0.72.6)
  - React-jsinspector (0.72.6)
  - React-logger (0.72.6):
    - glog
  - react-native-safe-area-context (4.6.3):
    - RCT-Folly
    - RCTRequired
    - RCTTypeSafety
    - React-Core
    - ReactCommon/turbomodule/core
  - react-native-simple-toast (3.1.0):
    - React-Core
    - Toast (~> 4)
  - react-native-skia (1.2.3):
    - RCT-Folly (= 2021.07.22.00)
    - React
    - React-callinvoker
    - React-Core
  - react-native-worklets-core (1.3.2):
    - React
    - React-callinvoker
    - React-Core
  - React-NativeModulesApple (0.72.6):
    - hermes-engine
    - React-callinvoker
    - React-Core
    - React-cxxreact
    - React-jsi
    - React-runtimeexecutor
    - ReactCommon/turbomodule/bridging
    - ReactCommon/turbomodule/core
  - React-perflogger (0.72.6)
  - React-RCTActionSheet (0.72.6):
    - React-Core/RCTActionSheetHeaders (= 0.72.6)
  - React-RCTAnimation (0.72.6):
    - RCT-Folly (= 2021.07.22.00)
    - RCTTypeSafety (= 0.72.6)
    - React-Codegen (= 0.72.6)
    - React-Core/RCTAnimationHeaders (= 0.72.6)
    - React-jsi (= 0.72.6)
    - ReactCommon/turbomodule/core (= 0.72.6)
  - React-RCTAppDelegate (0.72.6):
    - RCT-Folly
    - RCTRequired
    - RCTTypeSafety
    - React-Core
    - React-CoreModules
    - React-hermes
    - React-NativeModulesApple
    - React-RCTImage
    - React-RCTNetwork
    - React-runtimescheduler
    - ReactCommon/turbomodule/core
  - React-RCTBlob (0.72.6):
    - hermes-engine
    - RCT-Folly (= 2021.07.22.00)
    - React-Codegen (= 0.72.6)
    - React-Core/RCTBlobHeaders (= 0.72.6)
    - React-Core/RCTWebSocket (= 0.72.6)
    - React-jsi (= 0.72.6)
    - React-RCTNetwork (= 0.72.6)
    - ReactCommon/turbomodule/core (= 0.72.6)
  - React-RCTImage (0.72.6):
    - RCT-Folly (= 2021.07.22.00)
    - RCTTypeSafety (= 0.72.6)
    - React-Codegen (= 0.72.6)
    - React-Core/RCTImageHeaders (= 0.72.6)
    - React-jsi (= 0.72.6)
    - React-RCTNetwork (= 0.72.6)
    - ReactCommon/turbomodule/core (= 0.72.6)
  - React-RCTLinking (0.72.6):
    - React-Codegen (= 0.72.6)
    - React-Core/RCTLinkingHeaders (= 0.72.6)
    - React-jsi (= 0.72.6)
    - ReactCommon/turbomodule/core (= 0.72.6)
  - React-RCTNetwork (0.72.6):
    - RCT-Folly (= 2021.07.22.00)
    - RCTTypeSafety (= 0.72.6)
    - React-Codegen (= 0.72.6)
    - React-Core/RCTNetworkHeaders (= 0.72.6)
    - React-jsi (= 0.72.6)
    - ReactCommon/turbomodule/core (= 0.72.6)
  - React-RCTSettings (0.72.6):
    - RCT-Folly (= 2021.07.22.00)
    - RCTTypeSafety (= 0.72.6)
    - React-Codegen (= 0.72.6)
    - React-Core/RCTSettingsHeaders (= 0.72.6)
    - React-jsi (= 0.72.6)
    - ReactCommon/turbomodule/core (= 0.72.6)
  - React-RCTText (0.72.6):
    - React-Core/RCTTextHeaders (= 0.72.6)
  - React-RCTVibration (0.72.6):
    - RCT-Folly (= 2021.07.22.00)
    - React-Codegen (= 0.72.6)
    - React-Core/RCTVibrationHeaders (= 0.72.6)
    - React-jsi (= 0.72.6)
    - ReactCommon/turbomodule/core (= 0.72.6)
  - React-rncore (0.72.6)
  - React-runtimeexecutor (0.72.6):
    - React-jsi (= 0.72.6)
  - React-runtimescheduler (0.72.6):
    - glog
    - hermes-engine
    - RCT-Folly (= 2021.07.22.00)
    - React-callinvoker
    - React-debug
    - React-jsi
    - React-runtimeexecutor
  - React-utils (0.72.6):
    - glog
    - RCT-Folly (= 2021.07.22.00)
    - React-debug
  - ReactCommon/turbomodule/bridging (0.72.6):
    - DoubleConversion
    - glog
    - hermes-engine
    - RCT-Folly (= 2021.07.22.00)
    - React-callinvoker (= 0.72.6)
    - React-cxxreact (= 0.72.6)
    - React-jsi (= 0.72.6)
    - React-logger (= 0.72.6)
    - React-perflogger (= 0.72.6)
  - ReactCommon/turbomodule/core (0.72.6):
    - DoubleConversion
    - glog
    - hermes-engine
    - RCT-Folly (= 2021.07.22.00)
    - React-callinvoker (= 0.72.6)
    - React-cxxreact (= 0.72.6)
    - React-jsi (= 0.72.6)
    - React-logger (= 0.72.6)
    - React-perflogger (= 0.72.6)
  - RNCAsyncStorage (1.21.0):
    - React-Core
  - RNDateTimePicker (7.6.2):
    - React-Core
  - RNGestureHandler (2.12.1):
    - React-Core
  - RNReanimated (3.11.0):
    - RCT-Folly (= 2021.07.22.00)
    - React-Core
    - ReactCommon/turbomodule/core
  - RNScreens (3.22.1):
    - React-Core
    - React-RCTImage
  - SocketRocket (0.6.1)
  - Toast (4.1.1)
  - VisionCamera (4.0.3):
    - VisionCamera/Core (= 4.0.3)
    - VisionCamera/FrameProcessors (= 4.0.3)
    - VisionCamera/React (= 4.0.3)
  - VisionCamera/Core (4.0.3)
  - VisionCamera/FrameProcessors (4.0.3):
    - React
    - React-callinvoker
    - react-native-worklets-core
  - VisionCamera/React (4.0.3):
    - React-Core
    - VisionCamera/FrameProcessors
  - Yoga (1.14.0)

DEPENDENCIES:
  - boost (from `../node_modules/react-native/third-party-podspecs/boost.podspec`)
  - DoubleConversion (from `../node_modules/react-native/third-party-podspecs/DoubleConversion.podspec`)
  - EASClient (from `../node_modules/expo-eas-client/ios`)
  - EXApplication (from `../node_modules/expo-application/ios`)
  - EXCalendar (from `../node_modules/expo-calendar/ios`)
  - EXConstants (from `../node_modules/expo-constants/ios`)
  - EXFileSystem (from `../node_modules/expo-file-system/ios`)
  - EXFont (from `../node_modules/expo-font/ios`)
  - EXJSONUtils (from `../node_modules/expo-json-utils/ios`)
  - EXManifests (from `../node_modules/expo-manifests/ios`)
  - EXNotifications (from `../node_modules/expo-notifications/ios`)
  - Expo (from `../node_modules/expo`)
  - expo-dev-client (from `../node_modules/expo-dev-client/ios`)
  - expo-dev-launcher (from `../node_modules/expo-dev-launcher`)
  - expo-dev-menu (from `../node_modules/expo-dev-menu`)
  - expo-dev-menu-interface (from `../node_modules/expo-dev-menu-interface/ios`)
  - ExpoDevice (from `../node_modules/expo-device/ios`)
  - ExpoHead (from `../node_modules/expo-head/ios`)
  - ExpoKeepAwake (from `../node_modules/expo-keep-awake/ios`)
  - ExpoModulesCore (from `../node_modules/expo-modules-core`)
  - EXSplashScreen (from `../node_modules/expo-splash-screen/ios`)
  - EXStructuredHeaders (from `../node_modules/expo-structured-headers/ios`)
  - EXUpdates (from `../node_modules/expo-updates/ios`)
  - EXUpdatesInterface (from `../node_modules/expo-updates-interface/ios`)
  - FBLazyVector (from `../node_modules/react-native/Libraries/FBLazyVector`)
  - FBReactNativeSpec (from `../node_modules/react-native/React/FBReactNativeSpec`)
  - glog (from `../node_modules/react-native/third-party-podspecs/glog.podspec`)
  - hermes-engine (from `../node_modules/react-native/sdks/hermes-engine/hermes-engine.podspec`)
  - libevent (~> 2.1.12)
  - RCT-Folly (from `../node_modules/react-native/third-party-podspecs/RCT-Folly.podspec`)
  - RCTRequired (from `../node_modules/react-native/Libraries/RCTRequired`)
  - RCTTypeSafety (from `../node_modules/react-native/Libraries/TypeSafety`)
  - React (from `../node_modules/react-native/`)
  - React-callinvoker (from `../node_modules/react-native/ReactCommon/callinvoker`)
  - React-Codegen (from `build/generated/ios`)
  - React-Core (from `../node_modules/react-native/`)
  - React-Core/RCTWebSocket (from `../node_modules/react-native/`)
  - React-CoreModules (from `../node_modules/react-native/React/CoreModules`)
  - React-cxxreact (from `../node_modules/react-native/ReactCommon/cxxreact`)
  - React-debug (from `../node_modules/react-native/ReactCommon/react/debug`)
  - React-hermes (from `../node_modules/react-native/ReactCommon/hermes`)
  - React-jsi (from `../node_modules/react-native/ReactCommon/jsi`)
  - React-jsiexecutor (from `../node_modules/react-native/ReactCommon/jsiexecutor`)
  - React-jsinspector (from `../node_modules/react-native/ReactCommon/jsinspector`)
  - React-logger (from `../node_modules/react-native/ReactCommon/logger`)
  - react-native-safe-area-context (from `../node_modules/react-native-safe-area-context`)
  - react-native-simple-toast (from `../node_modules/react-native-simple-toast`)
  - "react-native-skia (from `../node_modules/@shopify/react-native-skia`)"
  - react-native-worklets-core (from `../node_modules/react-native-worklets-core`)
  - React-NativeModulesApple (from `../node_modules/react-native/ReactCommon/react/nativemodule/core/platform/ios`)
  - React-perflogger (from `../node_modules/react-native/ReactCommon/reactperflogger`)
  - React-RCTActionSheet (from `../node_modules/react-native/Libraries/ActionSheetIOS`)
  - React-RCTAnimation (from `../node_modules/react-native/Libraries/NativeAnimation`)
  - React-RCTAppDelegate (from `../node_modules/react-native/Libraries/AppDelegate`)
  - React-RCTBlob (from `../node_modules/react-native/Libraries/Blob`)
  - React-RCTImage (from `../node_modules/react-native/Libraries/Image`)
  - React-RCTLinking (from `../node_modules/react-native/Libraries/LinkingIOS`)
  - React-RCTNetwork (from `../node_modules/react-native/Libraries/Network`)
  - React-RCTSettings (from `../node_modules/react-native/Libraries/Settings`)
  - React-RCTText (from `../node_modules/react-native/Libraries/Text`)
  - React-RCTVibration (from `../node_modules/react-native/Libraries/Vibration`)
  - React-rncore (from `../node_modules/react-native/ReactCommon`)
  - React-runtimeexecutor (from `../node_modules/react-native/ReactCommon/runtimeexecutor`)
  - React-runtimescheduler (from `../node_modules/react-native/ReactCommon/react/renderer/runtimescheduler`)
  - React-utils (from `../node_modules/react-native/ReactCommon/react/utils`)
  - ReactCommon/turbomodule/core (from `../node_modules/react-native/ReactCommon`)
  - "RNCAsyncStorage (from `../node_modules/@react-native-async-storage/async-storage`)"
  - "RNDateTimePicker (from `../node_modules/@react-native-community/datetimepicker`)"
  - RNGestureHandler (from `../node_modules/react-native-gesture-handler`)
  - RNReanimated (from `../node_modules/react-native-reanimated`)
  - RNScreens (from `../node_modules/react-native-screens`)
  - VisionCamera (from `../node_modules/react-native-vision-camera`)
  - Yoga (from `../node_modules/react-native/ReactCommon/yoga`)

SPEC REPOS:
  trunk:
    - ASN1Decoder
    - fmt
    - libevent
    - ReachabilitySwift
    - SocketRocket
    - Toast

EXTERNAL SOURCES:
  boost:
    :podspec: "../node_modules/react-native/third-party-podspecs/boost.podspec"
  DoubleConversion:
    :podspec: "../node_modules/react-native/third-party-podspecs/DoubleConversion.podspec"
  EASClient:
    :path: "../node_modules/expo-eas-client/ios"
  EXApplication:
    :path: "../node_modules/expo-application/ios"
  EXCalendar:
    :path: "../node_modules/expo-calendar/ios"
  EXConstants:
    :path: "../node_modules/expo-constants/ios"
  EXFileSystem:
    :path: "../node_modules/expo-file-system/ios"
  EXFont:
    :path: "../node_modules/expo-font/ios"
  EXJSONUtils:
    :path: "../node_modules/expo-json-utils/ios"
  EXManifests:
    :path: "../node_modules/expo-manifests/ios"
  EXNotifications:
    :path: "../node_modules/expo-notifications/ios"
  Expo:
    :path: "../node_modules/expo"
  expo-dev-client:
    :path: "../node_modules/expo-dev-client/ios"
  expo-dev-launcher:
    :path: "../node_modules/expo-dev-launcher"
  expo-dev-menu:
    :path: "../node_modules/expo-dev-menu"
  expo-dev-menu-interface:
    :path: "../node_modules/expo-dev-menu-interface/ios"
  ExpoDevice:
    :path: "../node_modules/expo-device/ios"
  ExpoHead:
    :path: "../node_modules/expo-head/ios"
  ExpoKeepAwake:
    :path: "../node_modules/expo-keep-awake/ios"
  ExpoModulesCore:
    :path: "../node_modules/expo-modules-core"
  EXSplashScreen:
    :path: "../node_modules/expo-splash-screen/ios"
  EXStructuredHeaders:
    :path: "../node_modules/expo-structured-headers/ios"
  EXUpdates:
    :path: "../node_modules/expo-updates/ios"
  EXUpdatesInterface:
    :path: "../node_modules/expo-updates-interface/ios"
  FBLazyVector:
    :path: "../node_modules/react-native/Libraries/FBLazyVector"
  FBReactNativeSpec:
    :path: "../node_modules/react-native/React/FBReactNativeSpec"
  glog:
    :podspec: "../node_modules/react-native/third-party-podspecs/glog.podspec"
  hermes-engine:
    :podspec: "../node_modules/react-native/sdks/hermes-engine/hermes-engine.podspec"
    :tag: hermes-2023-08-07-RNv0.72.4-813b2def12bc9df02654b3e3653ae4a68d0572e0
  RCT-Folly:
    :podspec: "../node_modules/react-native/third-party-podspecs/RCT-Folly.podspec"
  RCTRequired:
    :path: "../node_modules/react-native/Libraries/RCTRequired"
  RCTTypeSafety:
    :path: "../node_modules/react-native/Libraries/TypeSafety"
  React:
    :path: "../node_modules/react-native/"
  React-callinvoker:
    :path: "../node_modules/react-native/ReactCommon/callinvoker"
  React-Codegen:
    :path: build/generated/ios
  React-Core:
    :path: "../node_modules/react-native/"
  React-CoreModules:
    :path: "../node_modules/react-native/React/CoreModules"
  React-cxxreact:
    :path: "../node_modules/react-native/ReactCommon/cxxreact"
  React-debug:
    :path: "../node_modules/react-native/ReactCommon/react/debug"
  React-hermes:
    :path: "../node_modules/react-native/ReactCommon/hermes"
  React-jsi:
    :path: "../node_modules/react-native/ReactCommon/jsi"
  React-jsiexecutor:
    :path: "../node_modules/react-native/ReactCommon/jsiexecutor"
  React-jsinspector:
    :path: "../node_modules/react-native/ReactCommon/jsinspector"
  React-logger:
    :path: "../node_modules/react-native/ReactCommon/logger"
  react-native-safe-area-context:
    :path: "../node_modules/react-native-safe-area-context"
  react-native-simple-toast:
    :path: "../node_modules/react-native-simple-toast"
  react-native-skia:
    :path: "../node_modules/@shopify/react-native-skia"
  react-native-worklets-core:
    :path: "../node_modules/react-native-worklets-core"
  React-NativeModulesApple:
    :path: "../node_modules/react-native/ReactCommon/react/nativemodule/core/platform/ios"
  React-perflogger:
    :path: "../node_modules/react-native/ReactCommon/reactperflogger"
  React-RCTActionSheet:
    :path: "../node_modules/react-native/Libraries/ActionSheetIOS"
  React-RCTAnimation:
    :path: "../node_modules/react-native/Libraries/NativeAnimation"
  React-RCTAppDelegate:
    :path: "../node_modules/react-native/Libraries/AppDelegate"
  React-RCTBlob:
    :path: "../node_modules/react-native/Libraries/Blob"
  React-RCTImage:
    :path: "../node_modules/react-native/Libraries/Image"
  React-RCTLinking:
    :path: "../node_modules/react-native/Libraries/LinkingIOS"
  React-RCTNetwork:
    :path: "../node_modules/react-native/Libraries/Network"
  React-RCTSettings:
    :path: "../node_modules/react-native/Libraries/Settings"
  React-RCTText:
    :path: "../node_modules/react-native/Libraries/Text"
  React-RCTVibration:
    :path: "../node_modules/react-native/Libraries/Vibration"
  React-rncore:
    :path: "../node_modules/react-native/ReactCommon"
  React-runtimeexecutor:
    :path: "../node_modules/react-native/ReactCommon/runtimeexecutor"
  React-runtimescheduler:
    :path: "../node_modules/react-native/ReactCommon/react/renderer/runtimescheduler"
  React-utils:
    :path: "../node_modules/react-native/ReactCommon/react/utils"
  ReactCommon:
    :path: "../node_modules/react-native/ReactCommon"
  RNCAsyncStorage:
    :path: "../node_modules/@react-native-async-storage/async-storage"
  RNDateTimePicker:
    :path: "../node_modules/@react-native-community/datetimepicker"
  RNGestureHandler:
    :path: "../node_modules/react-native-gesture-handler"
  RNReanimated:
    :path: "../node_modules/react-native-reanimated"
  RNScreens:
    :path: "../node_modules/react-native-screens"
  VisionCamera:
    :path: "../node_modules/react-native-vision-camera"
  Yoga:
    :path: "../node_modules/react-native/ReactCommon/yoga"

SPEC CHECKSUMS:
  ASN1Decoder: 91cb1d781b5a178ea7375b2f1519e2bdaaa4c427
  boost: a452645e86e6192144d004a56d49acb35aaf8c3f
  DoubleConversion: 5189b271737e1565bdce30deb4a08d647e3f5f54
  EASClient: 847b2cedcc7f85900ebd54c53531b88aa41873d1
  EXApplication: aa0fc96f297b984950f2ca8d64c5a326403a0b29
  EXCalendar: 474b9ded41b23f2c4de395e8b60321b6f994b87d
  EXConstants: e7d8d1bec9a20242b4f92a9d66967c3904e0dcd0
  EXFileSystem: e3fba7fb660d1a965731396d95ca832614335904
  EXFont: aa39b3f790e2b3188986ac5e8684cf6003c00a18
  EXJSONUtils: 6802be4282d42b97c51682468ddc1026a06f8276
  EXManifests: bb8592a34f5339c860b6c4bc71ad583d490374fb
  EXNotifications: aa416a5772ee7db622c3cd1ac4b258a30002c273
  Expo: 5d538d9e0b6083d8fc989459fb8a8abdf40810a8
  expo-dev-client: 1efa66aa8794760bc348c6f321bec5b622725020
  expo-dev-launcher: f4c6db310cf0f3a2c81a064bb6ea5596cba2893a
  expo-dev-menu: 0dcbb792fd571cb77e634c5a8e59066efbef8a42
  expo-dev-menu-interface: 22ea9639725e26dfebcb16ea631ddec660827374
  ExpoDevice: 0333baa899c09213c1c6cb3d1a1b2061fb00594c
  ExpoHead: 0447ea4964e1bd28dfa8593151a47329adc28430
  ExpoKeepAwake: 8ab1087501f5ccb91146447756b787575b13f13e
  ExpoModulesCore: b9cc45af0671fba7d546bc63cc4ddc43c8528fed
  EXSplashScreen: 84a7d9a965a2203e138528326fc3a511818e3fd1
  EXStructuredHeaders: 324cc3130571d2696357fafd8be7fd9a0b5fdf6e
  EXUpdates: 42065cd3e1b074859e3289c811d0042eaa0d9e6d
  EXUpdatesInterface: 82ed48d417cdcd376c12ca1c2ce390d35500bed6
  FBLazyVector: 748c0ef74f2bf4b36cfcccf37916806940a64c32
  FBReactNativeSpec: 966f29e4e697de53a3b366355e8f57375c856ad9
  fmt: ff9d55029c625d3757ed641535fd4a75fedc7ce9
  glog: 04b94705f318337d7ead9e6d17c019bd9b1f6b1b
  hermes-engine: 8057e75cfc1437b178ac86c8654b24e7fead7f60
  libevent: 4049cae6c81cdb3654a443be001fb9bdceff7913
  RCT-Folly: 8dc08ca5a393b48b1c523ab6220dfdcc0fe000ad
  RCTRequired: 28469809442eb4eb5528462705f7d852948c8a74
  RCTTypeSafety: e9c6c409fca2cc584e5b086862d562540cb38d29
  ReachabilitySwift: 32793e867593cfc1177f5d16491e3a197d2fccda
  React: 769f469909b18edfe934f0539fffb319c4c61043
  React-callinvoker: e48ce12c83706401251921896576710d81e54763
  React-Codegen: 09c4a6d0a6ba9f7d008ac3a5e7c202899178ce20
  React-Core: 4d03a504696413bc97ef8a9085f642555867eed8
  React-CoreModules: 93be55ffed8b41ed664b51072498a23d9261410b
  React-cxxreact: ac5508f2887a7eeb93dd9675e2cfc2b20b379936
  React-debug: 238501490155574ae9f3f8dd1c74330eba30133e
  React-hermes: 2dc01922de59f0e21230aedc51d5adef7d7f76f6
  React-jsi: 11012bf34366812063bd16ca739ca219af26680f
  React-jsiexecutor: 5b6dd84e7461ae0bd999922cafe1fe3f98ced073
  React-jsinspector: 194e32c6aab382d88713ad3dd0025c5f5c4ee072
  React-logger: 39440454dfd719978689203a9d18b94e98de09eb
  react-native-safe-area-context: f998d7c030d9c89b0a745f8466f1f988478d822e
  react-native-simple-toast: e4c111dcb594be3fc21cbb80aa4bdade92ab0039
  react-native-skia: cafa15e56b2b117de16475d98334833500489692
  react-native-worklets-core: 91f67410dc1cc65fa7ab5b355d103769550d45bd
  React-NativeModulesApple: 90508a0d94b0b66bb2ba14bc3bef65a00f5a8efb
  React-perflogger: e3596db7e753f51766bceadc061936ef1472edc3
  React-RCTActionSheet: 17ab132c748b4471012abbcdcf5befe860660485
  React-RCTAnimation: c8bbaab62be5817d2a31c36d5f2571e3f7dcf099
  React-RCTAppDelegate: c06dfd41e63ef630220dc1892f77c277bba84a98
  React-RCTBlob: 56f3c13b80c8b415ad1f81881fcab44904abe07c
  React-RCTImage: 670a3486b532292649b1aef3ffddd0b495a5cee4
  React-RCTLinking: bd7ab853144aed463903237e615fd91d11b4f659
  React-RCTNetwork: be86a621f3e4724758f23ad1fdce32474ab3d829
  React-RCTSettings: 4f3a29a6d23ffa639db9701bc29af43f30781058
  React-RCTText: adde32164a243103aaba0b1dc7b0a2599733873e
  React-RCTVibration: 6bd85328388ac2e82ae0ca11afe48ad5555b483a
  React-rncore: fda7b1ae5918fa7baa259105298a5487875a57c8
  React-runtimeexecutor: 57d85d942862b08f6d15441a0badff2542fd233c
  React-runtimescheduler: 8d48e9f0cf62099f501fcd52234240006fa12c8f
  React-utils: ee4e6bf16d6882500500d517d36f9035874c5f6a
  ReactCommon: 2060ee7b68e71d23849968f6406550ba2df71bdb
  RNCAsyncStorage: a03b770a50541a761447cea9c24536047832124d
  RNDateTimePicker: 078355128345a5c07ec26ce51fd648d46678de97
  RNGestureHandler: 627182485becfd74f122c83f93cce2be20c2e8c8
  RNReanimated: 62b79ed6bac05a0eb49a61b8302ce6432e9a9f28
  RNScreens: 39db1910d2ea9ae885dcda43086818e9f8b714d0
  SocketRocket: f32cd54efbe0f095c4d7594881e52619cfe80b17
  Toast: 1f5ea13423a1e6674c4abdac5be53587ae481c4e
  VisionCamera: 73b0d79a9015aaa5217a793149dc184aa7d9a3d1
  Yoga: b76f1acfda8212aa16b7e26bcce3983230c82603

PODFILE CHECKSUM: dfe2f20319a3ba30fcdc6ebbecd1c5f2934f448a

COCOAPODS: 1.16.2
